
Microsoft Visual Studio Solution File, Format Version 12.00
# Visual Studio Version 17
VisualStudioVersion = 17.9.34728.123
MinimumVisualStudioVersion = 10.0.40219.1
Project("{9A19103F-16F7-4668-BE54-9A1E7A4F7556}") = "Sales.Share", "Sales.Share\Sales.Share.csproj", "{DA626306-5532-4BC4-B42C-ED138286D16A}"
EndProject
Project("{9A19103F-16F7-4668-BE54-9A1E7A4F7556}") = "Sales.API", "Sales.API\Sales.API.csproj", "{C0817109-4B66-4B95-B763-C3FCE1090EED}"
EndProject
Project("{9A19103F-16F7-4668-BE54-9A1E7A4F7556}") = "Sales.Mobile", "Sales.Mobile\Sales.Mobile.csproj", "{8D082438-F8BD-4D7C-8964-F49EC3A7D40D}"
EndProject
Project("{9A19103F-16F7-4668-BE54-9A1E7A4F7556}") = "Sales.WEB", "Sales.WEB\Sales.WEB.csproj", "{77389A53-AC06-418D-83A7-E1C245458F5E}"
EndProject
Global
	GlobalSection(SolutionConfigurationPlatforms) = preSolution
		Debug|Any CPU = Debug|Any CPU
		Release|Any CPU = Release|Any CPU
	EndGlobalSection
	GlobalSection(ProjectConfigurationPlatforms) = postSolution
		{DA626306-5532-4BC4-B42C-ED138286D16A}.Debug|Any CPU.ActiveCfg = Debug|Any CPU
		{DA626306-5532-4BC4-B42C-ED138286D16A}.Debug|Any CPU.Build.0 = Debug|Any CPU
		{DA626306-5532-4BC4-B42C-ED138286D16A}.Release|Any CPU.ActiveCfg = Release|Any CPU
		{DA626306-5532-4BC4-B42C-ED138286D16A}.Release|Any CPU.Build.0 = Release|Any CPU
		{C0817109-4B66-4B95-B763-C3FCE1090EED}.Debug|Any CPU.ActiveCfg = Debug|Any CPU
		{C0817109-4B66-4B95-B763-C3FCE1090EED}.Debug|Any CPU.Build.0 = Debug|Any CPU
		{C0817109-4B66-4B95-B763-C3FCE1090EED}.Release|Any CPU.ActiveCfg = Release|Any CPU
		{C0817109-4B66-4B95-B763-C3FCE1090EED}.Release|Any CPU.Build.0 = Release|Any CPU
		{8D082438-F8BD-4D7C-8964-F49EC3A7D40D}.Debug|Any CPU.ActiveCfg = Debug|Any CPU
		{8D082438-F8BD-4D7C-8964-F49EC3A7D40D}.Debug|Any CPU.Build.0 = Debug|Any CPU
		{8D082438-F8BD-4D7C-8964-F49EC3A7D40D}.Debug|Any CPU.Deploy.0 = Debug|Any CPU
		{8D082438-F8BD-4D7C-8964-F49EC3A7D40D}.Release|Any CPU.ActiveCfg = Release|Any CPU
		{8D082438-F8BD-4D7C-8964-F49EC3A7D40D}.Release|Any CPU.Build.0 = Release|Any CPU
		{8D082438-F8BD-4D7C-8964-F49EC3A7D40D}.Release|Any CPU.Deploy.0 = Release|Any CPU
		{77389A53-AC06-418D-83A7-E1C245458F5E}.Debug|Any CPU.ActiveCfg = Debug|Any CPU
		{77389A53-AC06-418D-83A7-E1C245458F5E}.Debug|Any CPU.Build.0 = Debug|Any CPU
		{77389A53-AC06-418D-83A7-E1C245458F5E}.Release|Any CPU.ActiveCfg = Release|Any CPU
		{77389A53-AC06-418D-83A7-E1C245458F5E}.Release|Any CPU.Build.0 = Release|Any CPU
	EndGlobalSection
	GlobalSection(SolutionProperties) = preSolution
		HideSolutionNode = FALSE
	EndGlobalSection
	GlobalSection(ExtensibilityGlobals) = postSolution
		SolutionGuid = {C52BFECA-6B9A-4FAC-A29D-7CDE28881B57}
	EndGlobalSection
EndGlobal
